
Microsoft Visual Studio Solution File, Format Version 12.00
# Visual Studio 15
VisualStudioVersion = 15.0.27703.2047
MinimumVisualStudioVersion = 10.0.40219.1
Project("{FAE04EC0-301F-11D3-BF4B-00C04F79EFBC}") = "aCrash", "aCrash\aCrash.csproj", "{FDE64420-CA98-497E-81BE-2C6E0E173819}"
EndProject
Global
	GlobalSection(SolutionConfigurationPlatforms) = preSolution
		Debug|Any CPU = Debug|Any CPU
		Release|Any CPU = Release|Any CPU
	EndGlobalSection
	GlobalSection(ProjectConfigurationPlatforms) = postSolution
		{FDE64420-CA98-497E-81BE-2C6E0E173819}.Debug|Any CPU.ActiveCfg = Debug|Any CPU
		{FDE64420-CA98-497E-81BE-2C6E0E173819}.Debug|Any CPU.Build.0 = Debug|Any CPU
		{FDE64420-CA98-497E-81BE-2C6E0E173819}.Release|Any CPU.ActiveCfg = Release|Any CPU
		{FDE64420-CA98-497E-81BE-2C6E0E173819}.Release|Any CPU.Build.0 = Release|Any CPU
	EndGlobalSection
	GlobalSection(SolutionProperties) = preSolution
		HideSolutionNode = FALSE
	EndGlobalSection
	GlobalSection(ExtensibilityGlobals) = postSolution
		SolutionGuid = {BC1AE34B-F550-4005-ABBD-45082AB0D1E5}
	EndGlobalSection
EndGlobal
